// !$*UTF8*$!
{
	archiveVersion = 1;
	classes = {
	};
	objectVersion = 50;
	objects = {

/* Begin PBXBuildFile section */
		CDF1FFD02158E12B004ED27A /* AppDelegate.swift in Sources */ = {isa = PBXBuildFile; fileRef = CDF1FFCF2158E12B004ED27A /* AppDelegate.swift */; };
		CDF1FFD22158E12B004ED27A /* ViewController.swift in Sources */ = {isa = PBXBuildFile; fileRef = CDF1FFD12158E12B004ED27A /* ViewController.swift */; };
		CDF1FFD42158E12E004ED27A /* Assets.xcassets in Resources */ = {isa = PBXBuildFile; fileRef = CDF1FFD32158E12E004ED27A /* Assets.xcassets */; };
		CDF1FFD72158E12E004ED27A /* Main.storyboard in Resources */ = {isa = PBXBuildFile; fileRef = CDF1FFD52158E12E004ED27A /* Main.storyboard */; };
		CDF1FFE62158E151004ED27A /* Cocoa.framework in Frameworks */ = {isa = PBXBuildFile; fileRef = CDF1FFE52158E151004ED27A /* Cocoa.framework */; };
		CDF1FFE92158E151004ED27A /* SafariExtensionHandler.swift in Sources */ = {isa = PBXBuildFile; fileRef = CDF1FFE82158E151004ED27A /* SafariExtensionHandler.swift */; };
		CDF1FFEB2158E151004ED27A /* SafariExtensionViewController.swift in Sources */ = {isa = PBXBuildFile; fileRef = CDF1FFEA2158E151004ED27A /* SafariExtensionViewController.swift */; };
		CDF1FFEE2158E151004ED27A /* SafariExtensionViewController.xib in Resources */ = {isa = PBXBuildFile; fileRef = CDF1FFEC2158E151004ED27A /* SafariExtensionViewController.xib */; };
		CDF1FFF12158E151004ED27A /* xdebugtoggle.js in Resources */ = {isa = PBXBuildFile; fileRef = CDF1FFF02158E151004ED27A /* xdebugtoggle.js */; };
		CDF1FFF32158E151004ED27A /* ToolbarItemIcon.pdf in Resources */ = {isa = PBXBuildFile; fileRef = CDF1FFF22158E151004ED27A /* ToolbarItemIcon.pdf */; };
		CDF1FFF72158E151004ED27A /* SafariXDebugToggleExtension.appex in Embed App Extensions */ = {isa = PBXBuildFile; fileRef = CDF1FFE32158E151004ED27A /* SafariXDebugToggleExtension.appex */; settings = {ATTRIBUTES = (RemoveHeadersOnCopy, ); }; };
/* End PBXBuildFile section */

/* Begin PBXContainerItemProxy section */
		CDF1FFF52158E151004ED27A /* PBXContainerItemProxy */ = {
			isa = PBXContainerItemProxy;
			containerPortal = CDF1FFC42158E12B004ED27A /* Project object */;
			proxyType = 1;
			remoteGlobalIDString = CDF1FFE22158E151004ED27A;
			remoteInfo = SafariXDebugToggleExtemsion;
		};
/* End PBXContainerItemProxy section */

/* Begin PBXCopyFilesBuildPhase section */
		CDF1FFFB2158E151004ED27A /* Embed App Extensions */ = {
			isa = PBXCopyFilesBuildPhase;
			buildActionMask = 2147483647;
			dstPath = "";
			dstSubfolderSpec = 13;
			files = (
				CDF1FFF72158E151004ED27A /* SafariXDebugToggleExtension.appex in Embed App Extensions */,
			);
			name = "Embed App Extensions";
			runOnlyForDeploymentPostprocessing = 0;
		};
/* End PBXCopyFilesBuildPhase section */

/* Begin PBXFileReference section */
		CDF1FFCC2158E12B004ED27A /* SafariXDebugToggle.app */ = {isa = PBXFileReference; explicitFileType = wrapper.application; includeInIndex = 0; path = SafariXDebugToggle.app; sourceTree = BUILT_PRODUCTS_DIR; };
		CDF1FFCF2158E12B004ED27A /* AppDelegate.swift */ = {isa = PBXFileReference; lastKnownFileType = sourcecode.swift; path = AppDelegate.swift; sourceTree = "<group>"; };
		CDF1FFD12158E12B004ED27A /* ViewController.swift */ = {isa = PBXFileReference; lastKnownFileType = sourcecode.swift; path = ViewController.swift; sourceTree = "<group>"; };
		CDF1FFD32158E12E004ED27A /* Assets.xcassets */ = {isa = PBXFileReference; lastKnownFileType = folder.assetcatalog; path = Assets.xcassets; sourceTree = "<group>"; };
		CDF1FFD62158E12E004ED27A /* Base */ = {isa = PBXFileReference; lastKnownFileType = file.storyboard; name = Base; path = Base.lproj/Main.storyboard; sourceTree = "<group>"; };
		CDF1FFD82158E12E004ED27A /* Info.plist */ = {isa = PBXFileReference; lastKnownFileType = text.plist.xml; path = Info.plist; sourceTree = "<group>"; };
		CDF1FFD92158E12E004ED27A /* SafariXDebugToggle.entitlements */ = {isa = PBXFileReference; lastKnownFileType = text.plist.entitlements; path = SafariXDebugToggle.entitlements; sourceTree = "<group>"; };
		CDF1FFE32158E151004ED27A /* SafariXDebugToggleExtension.appex */ = {isa = PBXFileReference; explicitFileType = "wrapper.app-extension"; includeInIndex = 0; path = SafariXDebugToggleExtension.appex; sourceTree = BUILT_PRODUCTS_DIR; };
		CDF1FFE52158E151004ED27A /* Cocoa.framework */ = {isa = PBXFileReference; lastKnownFileType = wrapper.framework; name = Cocoa.framework; path = System/Library/Frameworks/Cocoa.framework; sourceTree = SDKROOT; };
		CDF1FFE82158E151004ED27A /* SafariExtensionHandler.swift */ = {isa = PBXFileReference; lastKnownFileType = sourcecode.swift; path = SafariExtensionHandler.swift; sourceTree = "<group>"; };
		CDF1FFEA2158E151004ED27A /* SafariExtensionViewController.swift */ = {isa = PBXFileReference; lastKnownFileType = sourcecode.swift; path = SafariExtensionViewController.swift; sourceTree = "<group>"; };
		CDF1FFED2158E151004ED27A /* Base */ = {isa = PBXFileReference; lastKnownFileType = file.xib; name = Base; path = Base.lproj/SafariExtensionViewController.xib; sourceTree = "<group>"; };
		CDF1FFEF2158E151004ED27A /* Info.plist */ = {isa = PBXFileReference; lastKnownFileType = text.plist.xml; path = Info.plist; sourceTree = "<group>"; };
		CDF1FFF02158E151004ED27A /* xdebugtoggle.js */ = {isa = PBXFileReference; lastKnownFileType = sourcecode.javascript; path = xdebugtoggle.js; sourceTree = "<group>"; };
		CDF1FFF22158E151004ED27A /* ToolbarItemIcon.pdf */ = {isa = PBXFileReference; lastKnownFileType = image.pdf; path = ToolbarItemIcon.pdf; sourceTree = "<group>"; };
		CDF1FFF42158E151004ED27A /* SafariXDebugToggleExtension.entitlements */ = {isa = PBXFileReference; lastKnownFileType = text.plist.entitlements; path = SafariXDebugToggleExtension.entitlements; sourceTree = "<group>"; };
/* End PBXFileReference section */

/* Begin PBXFrameworksBuildPhase section */
		CDF1FFC92158E12B004ED27A /* Frameworks */ = {
			isa = PBXFrameworksBuildPhase;
			buildActionMask = 2147483647;
			files = (
			);
			runOnlyForDeploymentPostprocessing = 0;
		};
		CDF1FFE02158E151004ED27A /* Frameworks */ = {
			isa = PBXFrameworksBuildPhase;
			buildActionMask = 2147483647;
			files = (
				CDF1FFE62158E151004ED27A /* Cocoa.framework in Frameworks */,
			);
			runOnlyForDeploymentPostprocessing = 0;
		};
/* End PBXFrameworksBuildPhase section */

/* Begin PBXGroup section */
		CDF1FFC32158E12B004ED27A = {
			isa = PBXGroup;
			children = (
				CDF1FFCE2158E12B004ED27A /* SafariXDebugToggle */,
				CDF1FFE72158E151004ED27A /* SafariXDebugToggleExtension */,
				CDF1FFE42158E151004ED27A /* Frameworks */,
				CDF1FFCD2158E12B004ED27A /* Products */,
			);
			sourceTree = "<group>";
		};
		CDF1FFCD2158E12B004ED27A /* Products */ = {
			isa = PBXGroup;
			children = (
				CDF1FFCC2158E12B004ED27A /* SafariXDebugToggle.app */,
				CDF1FFE32158E151004ED27A /* SafariXDebugToggleExtension.appex */,
			);
			name = Products;
			sourceTree = "<group>";
		};
		CDF1FFCE2158E12B004ED27A /* SafariXDebugToggle */ = {
			isa = PBXGroup;
			children = (
				CDF1FFCF2158E12B004ED27A /* AppDelegate.swift */,
				CDF1FFD12158E12B004ED27A /* ViewController.swift */,
				CDF1FFD32158E12E004ED27A /* Assets.xcassets */,
				CDF1FFD52158E12E004ED27A /* Main.storyboard */,
				CDF1FFD82158E12E004ED27A /* Info.plist */,
				CDF1FFD92158E12E004ED27A /* SafariXDebugToggle.entitlements */,
			);
			path = SafariXDebugToggle;
			sourceTree = "<group>";
		};
		CDF1FFE42158E151004ED27A /* Frameworks */ = {
			isa = PBXGroup;
			children = (
				CDF1FFE52158E151004ED27A /* Cocoa.framework */,
			);
			name = Frameworks;
			sourceTree = "<group>";
		};
		CDF1FFE72158E151004ED27A /* SafariXDebugToggleExtension */ = {
			isa = PBXGroup;
			children = (
				CDF1FFE82158E151004ED27A /* SafariExtensionHandler.swift */,
				CDF1FFEA2158E151004ED27A /* SafariExtensionViewController.swift */,
				CDF1FFEC2158E151004ED27A /* SafariExtensionViewController.xib */,
				CDF1FFEF2158E151004ED27A /* Info.plist */,
				CDF1FFF02158E151004ED27A /* xdebugtoggle.js */,
				CDF1FFF22158E151004ED27A /* ToolbarItemIcon.pdf */,
				CDF1FFF42158E151004ED27A /* SafariXDebugToggleExtension.entitlements */,
			);
			path = SafariXDebugToggleExtension;
			sourceTree = "<group>";
		};
/* End PBXGroup section */

/* Begin PBXNativeTarget section */
		CDF1FFCB2158E12B004ED27A /* SafariXDebugToggle */ = {
			isa = PBXNativeTarget;
			buildConfigurationList = CDF1FFDC2158E12E004ED27A /* Build configuration list for PBXNativeTarget "SafariXDebugToggle" */;
			buildPhases = (
				CDF1FFC82158E12B004ED27A /* Sources */,
				CDF1FFC92158E12B004ED27A /* Frameworks */,
				CDF1FFCA2158E12B004ED27A /* Resources */,
				CDF1FFFB2158E151004ED27A /* Embed App Extensions */,
			);
			buildRules = (
			);
			dependencies = (
				CDF1FFF62158E151004ED27A /* PBXTargetDependency */,
			);
			name = SafariXDebugToggle;
			productName = SafariXDebugToggle;
			productReference = CDF1FFCC2158E12B004ED27A /* SafariXDebugToggle.app */;
			productType = "com.apple.product-type.application";
		};
		CDF1FFE22158E151004ED27A /* SafariXDebugToggleExtension */ = {
			isa = PBXNativeTarget;
			buildConfigurationList = CDF1FFF82158E151004ED27A /* Build configuration list for PBXNativeTarget "SafariXDebugToggleExtension" */;
			buildPhases = (
				CDF1FFDF2158E151004ED27A /* Sources */,
				CDF1FFE02158E151004ED27A /* Frameworks */,
				CDF1FFE12158E151004ED27A /* Resources */,
			);
			buildRules = (
			);
			dependencies = (
			);
			name = SafariXDebugToggleExtension;
			productName = SafariXDebugToggleExtemsion;
			productReference = CDF1FFE32158E151004ED27A /* SafariXDebugToggleExtension.appex */;
			productType = "com.apple.product-type.app-extension";
		};
/* End PBXNativeTarget section */

/* Begin PBXProject section */
		CDF1FFC42158E12B004ED27A /* Project object */ = {
			isa = PBXProject;
			attributes = {
				LastSwiftUpdateCheck = 1000;
				LastUpgradeCheck = 1000;
				ORGANIZATIONNAME = "Benjamin Issleib";
				TargetAttributes = {
					CDF1FFCB2158E12B004ED27A = {
						CreatedOnToolsVersion = 10.0;
					};
					CDF1FFE22158E151004ED27A = {
						CreatedOnToolsVersion = 10.0;
					};
				};
			};
			buildConfigurationList = CDF1FFC72158E12B004ED27A /* Build configuration list for PBXProject "SafariXDebugToggle" */;
			compatibilityVersion = "Xcode 9.3";
			developmentRegion = en;
			hasScannedForEncodings = 0;
			knownRegions = (
				en,
				Base,
			);
			mainGroup = CDF1FFC32158E12B004ED27A;
			productRefGroup = CDF1FFCD2158E12B004ED27A /* Products */;
			projectDirPath = "";
			projectRoot = "";
			targets = (
				CDF1FFCB2158E12B004ED27A /* SafariXDebugToggle */,
				CDF1FFE22158E151004ED27A /* SafariXDebugToggleExtension */,
			);
		};
/* End PBXProject section */

/* Begin PBXResourcesBuildPhase section */
		CDF1FFCA2158E12B004ED27A /* Resources */ = {
			isa = PBXResourcesBuildPhase;
			buildActionMask = 2147483647;
			files = (
				CDF1FFD42158E12E004ED27A /* Assets.xcassets in Resources */,
				CDF1FFD72158E12E004ED27A /* Main.storyboard in Resources */,
			);
			runOnlyForDeploymentPostprocessing = 0;
		};
		CDF1FFE12158E151004ED27A /* Resources */ = {
			isa = PBXResourcesBuildPhase;
			buildActionMask = 2147483647;
			files = (
				CDF1FFF32158E151004ED27A /* ToolbarItemIcon.pdf in Resources */,
				CDF1FFEE2158E151004ED27A /* SafariExtensionViewController.xib in Resources */,
				CDF1FFF12158E151004ED27A /* xdebugtoggle.js in Resources */,
			);
			runOnlyForDeploymentPostprocessing = 0;
		};
/* End PBXResourcesBuildPhase section */

/* Begin PBXSourcesBuildPhase section */
		CDF1FFC82158E12B004ED27A /* Sources */ = {
			isa = PBXSourcesBuildPhase;
			buildActionMask = 2147483647;
			files = (
				CDF1FFD22158E12B004ED27A /* ViewController.swift in Sources */,
				CDF1FFD02158E12B004ED27A /* AppDelegate.swift in Sources */,
			);
			runOnlyForDeploymentPostprocessing = 0;
		};
		CDF1FFDF2158E151004ED27A /* Sources */ = {
			isa = PBXSourcesBuildPhase;
			buildActionMask = 2147483647;
			files = (
				CDF1FFEB2158E151004ED27A /* SafariExtensionViewController.swift in Sources */,
				CDF1FFE92158E151004ED27A /* SafariExtensionHandler.swift in Sources */,
			);
			runOnlyForDeploymentPostprocessing = 0;
		};
/* End PBXSourcesBuildPhase section */

/* Begin PBXTargetDependency section */
		CDF1FFF62158E151004ED27A /* PBXTargetDependency */ = {
			isa = PBXTargetDependency;
			target = CDF1FFE22158E151004ED27A /* SafariXDebugToggleExtension */;
			targetProxy = CDF1FFF52158E151004ED27A /* PBXContainerItemProxy */;
		};
/* End PBXTargetDependency section */

/* Begin PBXVariantGroup section */
		CDF1FFD52158E12E004ED27A /* Main.storyboard */ = {
			isa = PBXVariantGroup;
			children = (
				CDF1FFD62158E12E004ED27A /* Base */,
			);
			name = Main.storyboard;
			sourceTree = "<group>";
		};
		CDF1FFEC2158E151004ED27A /* SafariExtensionViewController.xib */ = {
			isa = PBXVariantGroup;
			children = (
				CDF1FFED2158E151004ED27A /* Base */,
			);
			name = SafariExtensionViewController.xib;
			sourceTree = "<group>";
		};
/* End PBXVariantGroup section */

/* Begin XCBuildConfiguration section */
		CDF1FFDA2158E12E004ED27A /* Debug */ = {
			isa = XCBuildConfiguration;
			buildSettings = {
				ALWAYS_SEARCH_USER_PATHS = NO;
				CLANG_ANALYZER_NONNULL = YES;
				CLANG_ANALYZER_NUMBER_OBJECT_CONVERSION = YES_AGGRESSIVE;
				CLANG_CXX_LANGUAGE_STANDARD = "gnu++14";
				CLANG_CXX_LIBRARY = "libc++";
				CLANG_ENABLE_MODULES = YES;
				CLANG_ENABLE_OBJC_ARC = YES;
				CLANG_ENABLE_OBJC_WEAK = YES;
				CLANG_WARN_BLOCK_CAPTURE_AUTORELEASING = YES;
				CLANG_WARN_BOOL_CONVERSION = YES;
				CLANG_WARN_COMMA = YES;
				CLANG_WARN_CONSTANT_CONVERSION = YES;
				CLANG_WARN_DEPRECATED_OBJC_IMPLEMENTATIONS = YES;
				CLANG_WARN_DIRECT_OBJC_ISA_USAGE = YES_ERROR;
				CLANG_WARN_DOCUMENTATION_COMMENTS = YES;
				CLANG_WARN_EMPTY_BODY = YES;
				CLANG_WARN_ENUM_CONVERSION = YES;
				CLANG_WARN_INFINITE_RECURSION = YES;
				CLANG_WARN_INT_CONVERSION = YES;
				CLANG_WARN_NON_LITERAL_NULL_CONVERSION = YES;
				CLANG_WARN_OBJC_IMPLICIT_RETAIN_SELF = YES;
				CLANG_WARN_OBJC_LITERAL_CONVERSION = YES;
				CLANG_WARN_OBJC_ROOT_CLASS = YES_ERROR;
				CLANG_WARN_RANGE_LOOP_ANALYSIS = YES;
				CLANG_WARN_STRICT_PROTOTYPES = YES;
				CLANG_WARN_SUSPICIOUS_MOVE = YES;
				CLANG_WARN_UNGUARDED_AVAILABILITY = YES_AGGRESSIVE;
				CLANG_WARN_UNREACHABLE_CODE = YES;
				CLANG_WARN__DUPLICATE_METHOD_MATCH = YES;
				CODE_SIGN_IDENTITY = "-";
				COPY_PHASE_STRIP = NO;
				DEBUG_INFORMATION_FORMAT = dwarf;
				ENABLE_STRICT_OBJC_MSGSEND = YES;
				ENABLE_TESTABILITY = YES;
				GCC_C_LANGUAGE_STANDARD = gnu11;
				GCC_DYNAMIC_NO_PIC = NO;
				GCC_NO_COMMON_BLOCKS = YES;
				GCC_OPTIMIZATION_LEVEL = 0;
				GCC_PREPROCESSOR_DEFINITIONS = (
					"DEBUG=1",
					"$(inherited)",
				);
				GCC_WARN_64_TO_32_BIT_CONVERSION = YES;
				GCC_WARN_ABOUT_RETURN_TYPE = YES_ERROR;
				GCC_WARN_UNDECLARED_SELECTOR = YES;
				GCC_WARN_UNINITIALIZED_AUTOS = YES_AGGRESSIVE;
				GCC_WARN_UNUSED_FUNCTION = YES;
				GCC_WARN_UNUSED_VARIABLE = YES;
				MACOSX_DEPLOYMENT_TARGET = 10.13;
				MTL_ENABLE_DEBUG_INFO = INCLUDE_SOURCE;
				MTL_FAST_MATH = YES;
				ONLY_ACTIVE_ARCH = YES;
				SDKROOT = macosx;
				SWIFT_ACTIVE_COMPILATION_CONDITIONS = DEBUG;
				SWIFT_OPTIMIZATION_LEVEL = "-Onone";
			};
			name = Debug;
		};
		CDF1FFDB2158E12E004ED27A /* Release */ = {
			isa = XCBuildConfiguration;
			buildSettings = {
				ALWAYS_SEARCH_USER_PATHS = NO;
				CLANG_ANALYZER_NONNULL = YES;
				CLANG_ANALYZER_NUMBER_OBJECT_CONVERSION = YES_AGGRESSIVE;
				CLANG_CXX_LANGUAGE_STANDARD = "gnu++14";
				CLANG_CXX_LIBRARY = "libc++";
				CLANG_ENABLE_MODULES = YES;
				CLANG_ENABLE_OBJC_ARC = YES;
				CLANG_ENABLE_OBJC_WEAK = YES;
				CLANG_WARN_BLOCK_CAPTURE_AUTORELEASING = YES;
				CLANG_WARN_BOOL_CONVERSION = YES;
				CLANG_WARN_COMMA = YES;
				CLANG_WARN_CONSTANT_CONVERSION = YES;
				CLANG_WARN_DEPRECATED_OBJC_IMPLEMENTATIONS = YES;
				CLANG_WARN_DIRECT_OBJC_ISA_USAGE = YES_ERROR;
				CLANG_WARN_DOCUMENTATION_COMMENTS = YES;
				CLANG_WARN_EMPTY_BODY = YES;
				CLANG_WARN_ENUM_CONVERSION = YES;
				CLANG_WARN_INFINITE_RECURSION = YES;
				CLANG_WARN_INT_CONVERSION = YES;
				CLANG_WARN_NON_LITERAL_NULL_CONVERSION = YES;
				CLANG_WARN_OBJC_IMPLICIT_RETAIN_SELF = YES;
				CLANG_WARN_OBJC_LITERAL_CONVERSION = YES;
				CLANG_WARN_OBJC_ROOT_CLASS = YES_ERROR;
				CLANG_WARN_RANGE_LOOP_ANALYSIS = YES;
				CLANG_WARN_STRICT_PROTOTYPES = YES;
				CLANG_WARN_SUSPICIOUS_MOVE = YES;
				CLANG_WARN_UNGUARDED_AVAILABILITY = YES_AGGRESSIVE;
				CLANG_WARN_UNREACHABLE_CODE = YES;
				CLANG_WARN__DUPLICATE_METHOD_MATCH = YES;
				CODE_SIGN_IDENTITY = "-";
				COPY_PHASE_STRIP = NO;
				DEBUG_INFORMATION_FORMAT = "dwarf-with-dsym";
				ENABLE_NS_ASSERTIONS = NO;
				ENABLE_STRICT_OBJC_MSGSEND = YES;
				GCC_C_LANGUAGE_STANDARD = gnu11;
				GCC_NO_COMMON_BLOCKS = YES;
				GCC_WARN_64_TO_32_BIT_CONVERSION = YES;
				GCC_WARN_ABOUT_RETURN_TYPE = YES_ERROR;
				GCC_WARN_UNDECLARED_SELECTOR = YES;
				GCC_WARN_UNINITIALIZED_AUTOS = YES_AGGRESSIVE;
				GCC_WARN_UNUSED_FUNCTION = YES;
				GCC_WARN_UNUSED_VARIABLE = YES;
				MACOSX_DEPLOYMENT_TARGET = 10.13;
				MTL_ENABLE_DEBUG_INFO = NO;
				MTL_FAST_MATH = YES;
				SDKROOT = macosx;
				SWIFT_COMPILATION_MODE = wholemodule;
				SWIFT_OPTIMIZATION_LEVEL = "-O";
			};
			name = Release;
		};
		CDF1FFDD2158E12E004ED27A /* Debug */ = {
			isa = XCBuildConfiguration;
			buildSettings = {
				ALWAYS_EMBED_SWIFT_STANDARD_LIBRARIES = YES;
				ASSETCATALOG_COMPILER_APPICON_NAME = AppIcon;
				CODE_SIGN_ENTITLEMENTS = SafariXDebugToggle/SafariXDebugToggle.entitlements;
				CODE_SIGN_IDENTITY = "Mac Developer";
				CODE_SIGN_STYLE = Automatic;
				COMBINE_HIDPI_IMAGES = YES;
				DEVELOPMENT_TEAM = 6344P6R62N;
				INFOPLIST_FILE = SafariXDebugToggle/Info.plist;
				LD_RUNPATH_SEARCH_PATHS = (
					"$(inherited)",
					"@executable_path/../Frameworks",
				);
				PRODUCT_BUNDLE_IDENTIFIER = com.converia.SafariXDebugToggle;
				PRODUCT_NAME = "$(TARGET_NAME)";
				PROVISIONING_PROFILE_SPECIFIER = "";
				SWIFT_VERSION = 4.2;
			};
			name = Debug;
		};
		CDF1FFDE2158E12E004ED27A /* Release */ = {
			isa = XCBuildConfiguration;
			buildSettings = {
				ALWAYS_EMBED_SWIFT_STANDARD_LIBRARIES = YES;
				ASSETCATALOG_COMPILER_APPICON_NAME = AppIcon;
				CODE_SIGN_ENTITLEMENTS = SafariXDebugToggle/SafariXDebugToggle.entitlements;
				CODE_SIGN_IDENTITY = "Mac Developer";
				CODE_SIGN_STYLE = Automatic;
				COMBINE_HIDPI_IMAGES = YES;
				DEVELOPMENT_TEAM = 6344P6R62N;
				INFOPLIST_FILE = SafariXDebugToggle/Info.plist;
				LD_RUNPATH_SEARCH_PATHS = (
					"$(inherited)",
					"@executable_path/../Frameworks",
				);
				PRODUCT_BUNDLE_IDENTIFIER = com.converia.SafariXDebugToggle;
				PRODUCT_NAME = "$(TARGET_NAME)";
				PROVISIONING_PROFILE_SPECIFIER = "";
				SWIFT_VERSION = 4.2;
			};
			name = Release;
		};
		CDF1FFF92158E151004ED27A /* Debug */ = {
			isa = XCBuildConfiguration;
			buildSettings = {
				CODE_SIGN_ENTITLEMENTS = SafariXDebugToggleExtension/SafariXDebugToggleExtension.entitlements;
				CODE_SIGN_IDENTITY = "Mac Developer";
				CODE_SIGN_STYLE = Automatic;
				DEVELOPMENT_TEAM = 6344P6R62N;
				INFOPLIST_FILE = SafariXDebugToggleExtension/Info.plist;
				LD_RUNPATH_SEARCH_PATHS = (
					"$(inherited)",
					"@executable_path/../Frameworks",
					"@executable_path/../../../../Frameworks",
				);
				PRODUCT_BUNDLE_IDENTIFIER = org.issleib.SafariXDebugToggle.SafariXDebugToggleExtension;
				PRODUCT_NAME = "$(TARGET_NAME)";
				PROVISIONING_PROFILE_SPECIFIER = "";
				SKIP_INSTALL = YES;
				SWIFT_VERSION = 4.2;
			};
			name = Debug;
		};
		CDF1FFFA2158E151004ED27A /* Release */ = {
			isa = XCBuildConfiguration;
			buildSettings = {
				CODE_SIGN_ENTITLEMENTS = SafariXDebugToggleExtension/SafariXDebugToggleExtension.entitlements;
				CODE_SIGN_IDENTITY = "Mac Developer";
				CODE_SIGN_STYLE = Automatic;
				DEVELOPMENT_TEAM = 6344P6R62N;
				INFOPLIST_FILE = SafariXDebugToggleExtension/Info.plist;
				LD_RUNPATH_SEARCH_PATHS = (
					"$(inherited)",
					"@executable_path/../Frameworks",
					"@executable_path/../../../../Frameworks",
				);
				PRODUCT_BUNDLE_IDENTIFIER = org.issleib.SafariXDebugToggle.SafariXDebugToggleExtension;
				PRODUCT_NAME = "$(TARGET_NAME)";
				PROVISIONING_PROFILE_SPECIFIER = "";
				SKIP_INSTALL = YES;
				SWIFT_VERSION = 4.2;
			};
			name = Release;
		};
/* End XCBuildConfiguration section */

/* Begin XCConfigurationList section */
		CDF1FFC72158E12B004ED27A /* Build configuration list for PBXProject "SafariXDebugToggle" */ = {
			isa = XCConfigurationList;
			buildConfigurations = (
				CDF1FFDA2158E12E004ED27A /* Debug */,
				CDF1FFDB2158E12E004ED27A /* Release */,
			);
			defaultConfigurationIsVisible = 0;
			defaultConfigurationName = Release;
		};
		CDF1FFDC2158E12E004ED27A /* Build configuration list for PBXNativeTarget "SafariXDebugToggle" */ = {
			isa = XCConfigurationList;
			buildConfigurations = (
				CDF1FFDD2158E12E004ED27A /* Debug */,
				CDF1FFDE2158E12E004ED27A /* Release */,
			);
			defaultConfigurationIsVisible = 0;
			defaultConfigurationName = Release;
		};
		CDF1FFF82158E151004ED27A /* Build configuration list for PBXNativeTarget "SafariXDebugToggleExtension" */ = {
			isa = XCConfigurationList;
			buildConfigurations = (
				CDF1FFF92158E151004ED27A /* Debug */,
				CDF1FFFA2158E151004ED27A /* Release */,
			);
			defaultConfigurationIsVisible = 0;
			defaultConfigurationName = Release;
		};
/* End XCConfigurationList section */
	};
	rootObject = CDF1FFC42158E12B004ED27A /* Project object */;
}
